
Microsoft Visual Studio Solution File, Format Version 12.00
# Visual Studio Version 17
VisualStudioVersion = 17.14.36518.9 d17.14
MinimumVisualStudioVersion = 10.0.40219.1
Project("{FAE04EC0-301F-11D3-BF4B-00C04F79EFBC}") = "CSharpGDI", "CSharpGDI.csproj", "{CAB25AE0-13FD-4F53-9313-44690BB31460}"
EndProject
Global
	GlobalSection(SolutionConfigurationPlatforms) = preSolution
		Debug|Any CPU = Debug|Any CPU
		Release|Any CPU = Release|Any CPU
	EndGlobalSection
	GlobalSection(ProjectConfigurationPlatforms) = postSolution
		{CAB25AE0-13FD-4F53-9313-44690BB31460}.Debug|Any CPU.ActiveCfg = Debug|Any CPU
		{CAB25AE0-13FD-4F53-9313-44690BB31460}.Debug|Any CPU.Build.0 = Debug|Any CPU
		{CAB25AE0-13FD-4F53-9313-44690BB31460}.Release|Any CPU.ActiveCfg = Release|Any CPU
		{CAB25AE0-13FD-4F53-9313-44690BB31460}.Release|Any CPU.Build.0 = Release|Any CPU
	EndGlobalSection
	GlobalSection(SolutionProperties) = preSolution
		HideSolutionNode = FALSE
	EndGlobalSection
	GlobalSection(ExtensibilityGlobals) = postSolution
		SolutionGuid = {E48FA71C-0211-44C8-98FE-7F7945E6816B}
	EndGlobalSection
EndGlobal
